
Microsoft Visual Studio Solution File, Format Version 12.00
# Visual Studio Version 17
VisualStudioVersion = 17.5.002.0
MinimumVisualStudioVersion = 10.0.40219.1
Project("{9A19103F-16F7-4668-BE54-9A1E7A4F7556}") = "api", "api.csproj", "{F043BDDB-6A84-47B4-AC92-9B7D6E140278}"
EndProject
Global
	GlobalSection(SolutionConfigurationPlatforms) = preSolution
		Debug|Any CPU = Debug|Any CPU
		Release|Any CPU = Release|Any CPU
	EndGlobalSection
	GlobalSection(ProjectConfigurationPlatforms) = postSolution
		{F043BDDB-6A84-47B4-AC92-9B7D6E140278}.Debug|Any CPU.ActiveCfg = Debug|Any CPU
		{F043BDDB-6A84-47B4-AC92-9B7D6E140278}.Debug|Any CPU.Build.0 = Debug|Any CPU
		{F043BDDB-6A84-47B4-AC92-9B7D6E140278}.Release|Any CPU.ActiveCfg = Release|Any CPU
		{F043BDDB-6A84-47B4-AC92-9B7D6E140278}.Release|Any CPU.Build.0 = Release|Any CPU
	EndGlobalSection
	GlobalSection(SolutionProperties) = preSolution
		HideSolutionNode = FALSE
	EndGlobalSection
	GlobalSection(ExtensibilityGlobals) = postSolution
		SolutionGuid = {107D3269-71AC-4BCF-B40A-9BB5A6156A23}
	EndGlobalSection
EndGlobal
